
Microsoft Visual Studio Solution File, Format Version 12.00
# Visual Studio Version 16
VisualStudioVersion = 16.0.31424.327
MinimumVisualStudioVersion = 10.0.40219.1
Project("{FAE04EC0-301F-11D3-BF4B-00C04F79EFBC}") = "07_MVC_Layout_01", "07_MVC_Layout_01\07_MVC_Layout_01.csproj", "{ED3C9761-909F-49C0-BCAA-CE7B98C16F57}"
EndProject
Global
	GlobalSection(SolutionConfigurationPlatforms) = preSolution
		Debug|Any CPU = Debug|Any CPU
		Release|Any CPU = Release|Any CPU
	EndGlobalSection
	GlobalSection(ProjectConfigurationPlatforms) = postSolution
		{ED3C9761-909F-49C0-BCAA-CE7B98C16F57}.Debug|Any CPU.ActiveCfg = Debug|Any CPU
		{ED3C9761-909F-49C0-BCAA-CE7B98C16F57}.Debug|Any CPU.Build.0 = Debug|Any CPU
		{ED3C9761-909F-49C0-BCAA-CE7B98C16F57}.Release|Any CPU.ActiveCfg = Release|Any CPU
		{ED3C9761-909F-49C0-BCAA-CE7B98C16F57}.Release|Any CPU.Build.0 = Release|Any CPU
	EndGlobalSection
	GlobalSection(SolutionProperties) = preSolution
		HideSolutionNode = FALSE
	EndGlobalSection
	GlobalSection(ExtensibilityGlobals) = postSolution
		SolutionGuid = {9BCC2469-4452-41AC-96CF-2F8B8394591D}
	EndGlobalSection
EndGlobal
