
Microsoft Visual Studio Solution File, Format Version 12.00
# Visual Studio Version 16
VisualStudioVersion = 16.0.31424.327
MinimumVisualStudioVersion = 10.0.40219.1
Project("{FAE04EC0-301F-11D3-BF4B-00C04F79EFBC}") = "05_Mvc_01", "05_Mvc_01\05_Mvc_01.csproj", "{8C952AF6-9590-424F-86ED-72CC48E26EE8}"
EndProject
Global
	GlobalSection(SolutionConfigurationPlatforms) = preSolution
		Debug|Any CPU = Debug|Any CPU
		Release|Any CPU = Release|Any CPU
	EndGlobalSection
	GlobalSection(ProjectConfigurationPlatforms) = postSolution
		{8C952AF6-9590-424F-86ED-72CC48E26EE8}.Debug|Any CPU.ActiveCfg = Debug|Any CPU
		{8C952AF6-9590-424F-86ED-72CC48E26EE8}.Debug|Any CPU.Build.0 = Debug|Any CPU
		{8C952AF6-9590-424F-86ED-72CC48E26EE8}.Release|Any CPU.ActiveCfg = Release|Any CPU
		{8C952AF6-9590-424F-86ED-72CC48E26EE8}.Release|Any CPU.Build.0 = Release|Any CPU
	EndGlobalSection
	GlobalSection(SolutionProperties) = preSolution
		HideSolutionNode = FALSE
	EndGlobalSection
	GlobalSection(ExtensibilityGlobals) = postSolution
		SolutionGuid = {1E66DA99-9C47-4F80-9CBD-D8F91D46E182}
	EndGlobalSection
EndGlobal
